
Microsoft Visual Studio Solution File, Format Version 12.00
# Visual Studio Version 17
VisualStudioVersion = 17.6.33723.286
MinimumVisualStudioVersion = 10.0.40219.1
Project("{2150E333-8FDC-42A3-9474-1A3956D46DE8}") = "Solution Items", "Solution Items", "{EEFEE2B0-F0E0-4C04-8F20-E7A5C4EB69A0}"
EndProject
Project("{9A19103F-16F7-4668-BE54-9A1E7A4F7556}") = "CMP.ManipuladorPDF", "CMP.ManipuladorPDF\CMP.ManipuladorPDF.csproj", "{AC334532-50D2-4220-B97A-EBF2FD2D250D}"
EndProject
Project("{9A19103F-16F7-4668-BE54-9A1E7A4F7556}") = "Test", "Test\Test.csproj", "{91E2BA61-FD3D-4C4F-B6F4-96FB2285FBEE}"
EndProject
Global
	GlobalSection(SolutionConfigurationPlatforms) = preSolution
		Debug|Any CPU = Debug|Any CPU
		Release|Any CPU = Release|Any CPU
	EndGlobalSection
	GlobalSection(ProjectConfigurationPlatforms) = postSolution
		{AC334532-50D2-4220-B97A-EBF2FD2D250D}.Debug|Any CPU.ActiveCfg = Debug|Any CPU
		{AC334532-50D2-4220-B97A-EBF2FD2D250D}.Debug|Any CPU.Build.0 = Debug|Any CPU
		{AC334532-50D2-4220-B97A-EBF2FD2D250D}.Release|Any CPU.ActiveCfg = Release|Any CPU
		{AC334532-50D2-4220-B97A-EBF2FD2D250D}.Release|Any CPU.Build.0 = Release|Any CPU
		{91E2BA61-FD3D-4C4F-B6F4-96FB2285FBEE}.Debug|Any CPU.ActiveCfg = Debug|Any CPU
		{91E2BA61-FD3D-4C4F-B6F4-96FB2285FBEE}.Debug|Any CPU.Build.0 = Debug|Any CPU
		{91E2BA61-FD3D-4C4F-B6F4-96FB2285FBEE}.Release|Any CPU.ActiveCfg = Release|Any CPU
		{91E2BA61-FD3D-4C4F-B6F4-96FB2285FBEE}.Release|Any CPU.Build.0 = Release|Any CPU
	EndGlobalSection
	GlobalSection(SolutionProperties) = preSolution
		HideSolutionNode = FALSE
	EndGlobalSection
	GlobalSection(ExtensibilityGlobals) = postSolution
		SolutionGuid = {6C4A68B6-C480-4D71-A924-D4C5A64C910F}
	EndGlobalSection
EndGlobal
