
Microsoft Visual Studio Solution File, Format Version 12.00
# Visual Studio Version 17
VisualStudioVersion = 17.6.33723.286
MinimumVisualStudioVersion = 10.0.40219.1
Project("{9A19103F-16F7-4668-BE54-9A1E7A4F7556}") = "CMP.ManipuladorPDF", "Assinador\CMP.ManipuladorPDF.csproj", "{C6F88D1E-20A9-4093-B9B3-CA5EB8167C9F}"
EndProject
Project("{9A19103F-16F7-4668-BE54-9A1E7A4F7556}") = "TesteOnly", "TesteOnly\TesteOnly.csproj", "{F703DD28-3371-4FCD-ADF1-5BD8DEA4A442}"
EndProject
Global
	GlobalSection(SolutionConfigurationPlatforms) = preSolution
		Debug|Any CPU = Debug|Any CPU
		Release|Any CPU = Release|Any CPU
	EndGlobalSection
	GlobalSection(ProjectConfigurationPlatforms) = postSolution
		{C6F88D1E-20A9-4093-B9B3-CA5EB8167C9F}.Debug|Any CPU.ActiveCfg = Debug|Any CPU
		{C6F88D1E-20A9-4093-B9B3-CA5EB8167C9F}.Debug|Any CPU.Build.0 = Debug|Any CPU
		{C6F88D1E-20A9-4093-B9B3-CA5EB8167C9F}.Release|Any CPU.ActiveCfg = Release|Any CPU
		{C6F88D1E-20A9-4093-B9B3-CA5EB8167C9F}.Release|Any CPU.Build.0 = Release|Any CPU
		{F703DD28-3371-4FCD-ADF1-5BD8DEA4A442}.Debug|Any CPU.ActiveCfg = Debug|Any CPU
		{F703DD28-3371-4FCD-ADF1-5BD8DEA4A442}.Debug|Any CPU.Build.0 = Debug|Any CPU
		{F703DD28-3371-4FCD-ADF1-5BD8DEA4A442}.Release|Any CPU.ActiveCfg = Release|Any CPU
		{F703DD28-3371-4FCD-ADF1-5BD8DEA4A442}.Release|Any CPU.Build.0 = Release|Any CPU
	EndGlobalSection
	GlobalSection(SolutionProperties) = preSolution
		HideSolutionNode = FALSE
	EndGlobalSection
	GlobalSection(ExtensibilityGlobals) = postSolution
		SolutionGuid = {6C4A68B6-C480-4D71-A924-D4C5A64C910F}
	EndGlobalSection
EndGlobal
